
Microsoft Visual Studio Solution File, Format Version 12.00
# Visual Studio Version 17
VisualStudioVersion = 17.10.34928.147
MinimumVisualStudioVersion = 10.0.40219.1
Project("{FAE04EC0-301F-11D3-BF4B-00C04F79EFBC}") = "leetcode1", "leetcode1.csproj", "{99FB847E-BB13-45D6-AF63-EA7D02D60C7A}"
EndProject
Project("{FAE04EC0-301F-11D3-BF4B-00C04F79EFBC}") = "leetcode2", "..\leetcode2\leetcode2.csproj", "{D6DBB9B1-ECE9-4B10-AB8F-8131A49754B1}"
EndProject
Project("{FAE04EC0-301F-11D3-BF4B-00C04F79EFBC}") = "leetcode9", "..\leetcode9\leetcode9.csproj", "{14ED3D9F-0572-439A-81CA-C2F18ECBE591}"
EndProject
Global
	GlobalSection(SolutionConfigurationPlatforms) = preSolution
		Debug|Any CPU = Debug|Any CPU
		Release|Any CPU = Release|Any CPU
	EndGlobalSection
	GlobalSection(ProjectConfigurationPlatforms) = postSolution
		{99FB847E-BB13-45D6-AF63-EA7D02D60C7A}.Debug|Any CPU.ActiveCfg = Debug|Any CPU
		{99FB847E-BB13-45D6-AF63-EA7D02D60C7A}.Debug|Any CPU.Build.0 = Debug|Any CPU
		{99FB847E-BB13-45D6-AF63-EA7D02D60C7A}.Release|Any CPU.ActiveCfg = Release|Any CPU
		{99FB847E-BB13-45D6-AF63-EA7D02D60C7A}.Release|Any CPU.Build.0 = Release|Any CPU
		{D6DBB9B1-ECE9-4B10-AB8F-8131A49754B1}.Debug|Any CPU.ActiveCfg = Debug|Any CPU
		{D6DBB9B1-ECE9-4B10-AB8F-8131A49754B1}.Debug|Any CPU.Build.0 = Debug|Any CPU
		{D6DBB9B1-ECE9-4B10-AB8F-8131A49754B1}.Release|Any CPU.ActiveCfg = Release|Any CPU
		{D6DBB9B1-ECE9-4B10-AB8F-8131A49754B1}.Release|Any CPU.Build.0 = Release|Any CPU
		{14ED3D9F-0572-439A-81CA-C2F18ECBE591}.Debug|Any CPU.ActiveCfg = Debug|Any CPU
		{14ED3D9F-0572-439A-81CA-C2F18ECBE591}.Debug|Any CPU.Build.0 = Debug|Any CPU
		{14ED3D9F-0572-439A-81CA-C2F18ECBE591}.Release|Any CPU.ActiveCfg = Release|Any CPU
		{14ED3D9F-0572-439A-81CA-C2F18ECBE591}.Release|Any CPU.Build.0 = Release|Any CPU
	EndGlobalSection
	GlobalSection(SolutionProperties) = preSolution
		HideSolutionNode = FALSE
	EndGlobalSection
	GlobalSection(ExtensibilityGlobals) = postSolution
		SolutionGuid = {EAD48637-8D5F-46C9-8936-AE5339E15AD1}
	EndGlobalSection
EndGlobal
